
Microsoft Visual Studio Solution File, Format Version 12.00
# Visual Studio Version 17
VisualStudioVersion = 17.3.32825.248
MinimumVisualStudioVersion = 10.0.40219.1
Project("{FAE04EC0-301F-11D3-BF4B-00C04F79EFBC}") = "RegistrationFormAssignment3", "RegistrationFormAssignment3\RegistrationFormAssignment3.csproj", "{969FE24B-BB8F-459E-A735-5C3BEED26AC2}"
EndProject
Global
	GlobalSection(SolutionConfigurationPlatforms) = preSolution
		Debug|Any CPU = Debug|Any CPU
		Release|Any CPU = Release|Any CPU
	EndGlobalSection
	GlobalSection(ProjectConfigurationPlatforms) = postSolution
		{969FE24B-BB8F-459E-A735-5C3BEED26AC2}.Debug|Any CPU.ActiveCfg = Debug|Any CPU
		{969FE24B-BB8F-459E-A735-5C3BEED26AC2}.Debug|Any CPU.Build.0 = Debug|Any CPU
		{969FE24B-BB8F-459E-A735-5C3BEED26AC2}.Release|Any CPU.ActiveCfg = Release|Any CPU
		{969FE24B-BB8F-459E-A735-5C3BEED26AC2}.Release|Any CPU.Build.0 = Release|Any CPU
	EndGlobalSection
	GlobalSection(SolutionProperties) = preSolution
		HideSolutionNode = FALSE
	EndGlobalSection
	GlobalSection(ExtensibilityGlobals) = postSolution
		SolutionGuid = {146E5442-607A-4A9D-92B1-585F362EE473}
	EndGlobalSection
EndGlobal
